
Microsoft Visual Studio Solution File, Format Version 12.00
# Visual Studio 15
VisualStudioVersion = 15.0.26730.16
MinimumVisualStudioVersion = 10.0.40219.1
Project("{FAE04EC0-301F-11D3-BF4B-00C04F79EFBC}") = "[Parcial1-Ap2-JoseGonzalez]", "[Parcial1-Ap2-JoseGonzalez].csproj", "{AFFFB7B4-6A18-441C-95E2-D5C1D86188B9}"
EndProject
Project("{FAE04EC0-301F-11D3-BF4B-00C04F79EFBC}") = "DAL", "DAL\DAL.csproj", "{EB8A2948-3919-4361-B7A3-41385D5F1097}"
EndProject
Project("{FAE04EC0-301F-11D3-BF4B-00C04F79EFBC}") = "BLL", "BLL\BLL.csproj", "{9C8959BE-B59A-4271-89A1-6DB70D3DBCC5}"
EndProject
Project("{FAE04EC0-301F-11D3-BF4B-00C04F79EFBC}") = "Entidades", "Entidades\Entidades.csproj", "{E3C4F2EC-0E8B-4703-BCEA-B75606F01B7A}"
EndProject
Global
	GlobalSection(SolutionConfigurationPlatforms) = preSolution
		Debug|Any CPU = Debug|Any CPU
		Debug|ARM = Debug|ARM
		Debug|x64 = Debug|x64
		Debug|x86 = Debug|x86
		Release|Any CPU = Release|Any CPU
		Release|ARM = Release|ARM
		Release|x64 = Release|x64
		Release|x86 = Release|x86
	EndGlobalSection
	GlobalSection(ProjectConfigurationPlatforms) = postSolution
		{AFFFB7B4-6A18-441C-95E2-D5C1D86188B9}.Debug|Any CPU.ActiveCfg = Debug|Any CPU
		{AFFFB7B4-6A18-441C-95E2-D5C1D86188B9}.Debug|Any CPU.Build.0 = Debug|Any CPU
		{AFFFB7B4-6A18-441C-95E2-D5C1D86188B9}.Debug|ARM.ActiveCfg = Debug|Any CPU
		{AFFFB7B4-6A18-441C-95E2-D5C1D86188B9}.Debug|ARM.Build.0 = Debug|Any CPU
		{AFFFB7B4-6A18-441C-95E2-D5C1D86188B9}.Debug|x64.ActiveCfg = Debug|Any CPU
		{AFFFB7B4-6A18-441C-95E2-D5C1D86188B9}.Debug|x64.Build.0 = Debug|Any CPU
		{AFFFB7B4-6A18-441C-95E2-D5C1D86188B9}.Debug|x86.ActiveCfg = Debug|Any CPU
		{AFFFB7B4-6A18-441C-95E2-D5C1D86188B9}.Debug|x86.Build.0 = Debug|Any CPU
		{AFFFB7B4-6A18-441C-95E2-D5C1D86188B9}.Release|Any CPU.ActiveCfg = Release|Any CPU
		{AFFFB7B4-6A18-441C-95E2-D5C1D86188B9}.Release|Any CPU.Build.0 = Release|Any CPU
		{AFFFB7B4-6A18-441C-95E2-D5C1D86188B9}.Release|ARM.ActiveCfg = Release|Any CPU
		{AFFFB7B4-6A18-441C-95E2-D5C1D86188B9}.Release|ARM.Build.0 = Release|Any CPU
		{AFFFB7B4-6A18-441C-95E2-D5C1D86188B9}.Release|x64.ActiveCfg = Release|Any CPU
		{AFFFB7B4-6A18-441C-95E2-D5C1D86188B9}.Release|x64.Build.0 = Release|Any CPU
		{AFFFB7B4-6A18-441C-95E2-D5C1D86188B9}.Release|x86.ActiveCfg = Release|Any CPU
		{AFFFB7B4-6A18-441C-95E2-D5C1D86188B9}.Release|x86.Build.0 = Release|Any CPU
		{EB8A2948-3919-4361-B7A3-41385D5F1097}.Debug|Any CPU.ActiveCfg = Debug|Any CPU
		{EB8A2948-3919-4361-B7A3-41385D5F1097}.Debug|Any CPU.Build.0 = Debug|Any CPU
		{EB8A2948-3919-4361-B7A3-41385D5F1097}.Debug|ARM.ActiveCfg = Debug|Any CPU
		{EB8A2948-3919-4361-B7A3-41385D5F1097}.Debug|ARM.Build.0 = Debug|Any CPU
		{EB8A2948-3919-4361-B7A3-41385D5F1097}.Debug|x64.ActiveCfg = Debug|Any CPU
		{EB8A2948-3919-4361-B7A3-41385D5F1097}.Debug|x64.Build.0 = Debug|Any CPU
		{EB8A2948-3919-4361-B7A3-41385D5F1097}.Debug|x86.ActiveCfg = Debug|Any CPU
		{EB8A2948-3919-4361-B7A3-41385D5F1097}.Debug|x86.Build.0 = Debug|Any CPU
		{EB8A2948-3919-4361-B7A3-41385D5F1097}.Release|Any CPU.ActiveCfg = Release|Any CPU
		{EB8A2948-3919-4361-B7A3-41385D5F1097}.Release|Any CPU.Build.0 = Release|Any CPU
		{EB8A2948-3919-4361-B7A3-41385D5F1097}.Release|ARM.ActiveCfg = Release|Any CPU
		{EB8A2948-3919-4361-B7A3-41385D5F1097}.Release|ARM.Build.0 = Release|Any CPU
		{EB8A2948-3919-4361-B7A3-41385D5F1097}.Release|x64.ActiveCfg = Release|Any CPU
		{EB8A2948-3919-4361-B7A3-41385D5F1097}.Release|x64.Build.0 = Release|Any CPU
		{EB8A2948-3919-4361-B7A3-41385D5F1097}.Release|x86.ActiveCfg = Release|Any CPU
		{EB8A2948-3919-4361-B7A3-41385D5F1097}.Release|x86.Build.0 = Release|Any CPU
		{9C8959BE-B59A-4271-89A1-6DB70D3DBCC5}.Debug|Any CPU.ActiveCfg = Debug|Any CPU
		{9C8959BE-B59A-4271-89A1-6DB70D3DBCC5}.Debug|Any CPU.Build.0 = Debug|Any CPU
		{9C8959BE-B59A-4271-89A1-6DB70D3DBCC5}.Debug|ARM.ActiveCfg = Debug|Any CPU
		{9C8959BE-B59A-4271-89A1-6DB70D3DBCC5}.Debug|ARM.Build.0 = Debug|Any CPU
		{9C8959BE-B59A-4271-89A1-6DB70D3DBCC5}.Debug|x64.ActiveCfg = Debug|Any CPU
		{9C8959BE-B59A-4271-89A1-6DB70D3DBCC5}.Debug|x64.Build.0 = Debug|Any CPU
		{9C8959BE-B59A-4271-89A1-6DB70D3DBCC5}.Debug|x86.ActiveCfg = Debug|Any CPU
		{9C8959BE-B59A-4271-89A1-6DB70D3DBCC5}.Debug|x86.Build.0 = Debug|Any CPU
		{9C8959BE-B59A-4271-89A1-6DB70D3DBCC5}.Release|Any CPU.ActiveCfg = Release|Any CPU
		{9C8959BE-B59A-4271-89A1-6DB70D3DBCC5}.Release|Any CPU.Build.0 = Release|Any CPU
		{9C8959BE-B59A-4271-89A1-6DB70D3DBCC5}.Release|ARM.ActiveCfg = Release|Any CPU
		{9C8959BE-B59A-4271-89A1-6DB70D3DBCC5}.Release|ARM.Build.0 = Release|Any CPU
		{9C8959BE-B59A-4271-89A1-6DB70D3DBCC5}.Release|x64.ActiveCfg = Release|Any CPU
		{9C8959BE-B59A-4271-89A1-6DB70D3DBCC5}.Release|x64.Build.0 = Release|Any CPU
		{9C8959BE-B59A-4271-89A1-6DB70D3DBCC5}.Release|x86.ActiveCfg = Release|Any CPU
		{9C8959BE-B59A-4271-89A1-6DB70D3DBCC5}.Release|x86.Build.0 = Release|Any CPU
		{E3C4F2EC-0E8B-4703-BCEA-B75606F01B7A}.Debug|Any CPU.ActiveCfg = Debug|Any CPU
		{E3C4F2EC-0E8B-4703-BCEA-B75606F01B7A}.Debug|Any CPU.Build.0 = Debug|Any CPU
		{E3C4F2EC-0E8B-4703-BCEA-B75606F01B7A}.Debug|ARM.ActiveCfg = Debug|Any CPU
		{E3C4F2EC-0E8B-4703-BCEA-B75606F01B7A}.Debug|ARM.Build.0 = Debug|Any CPU
		{E3C4F2EC-0E8B-4703-BCEA-B75606F01B7A}.Debug|x64.ActiveCfg = Debug|Any CPU
		{E3C4F2EC-0E8B-4703-BCEA-B75606F01B7A}.Debug|x64.Build.0 = Debug|Any CPU
		{E3C4F2EC-0E8B-4703-BCEA-B75606F01B7A}.Debug|x86.ActiveCfg = Debug|Any CPU
		{E3C4F2EC-0E8B-4703-BCEA-B75606F01B7A}.Debug|x86.Build.0 = Debug|Any CPU
		{E3C4F2EC-0E8B-4703-BCEA-B75606F01B7A}.Release|Any CPU.ActiveCfg = Release|Any CPU
		{E3C4F2EC-0E8B-4703-BCEA-B75606F01B7A}.Release|Any CPU.Build.0 = Release|Any CPU
		{E3C4F2EC-0E8B-4703-BCEA-B75606F01B7A}.Release|ARM.ActiveCfg = Release|Any CPU
		{E3C4F2EC-0E8B-4703-BCEA-B75606F01B7A}.Release|ARM.Build.0 = Release|Any CPU
		{E3C4F2EC-0E8B-4703-BCEA-B75606F01B7A}.Release|x64.ActiveCfg = Release|Any CPU
		{E3C4F2EC-0E8B-4703-BCEA-B75606F01B7A}.Release|x64.Build.0 = Release|Any CPU
		{E3C4F2EC-0E8B-4703-BCEA-B75606F01B7A}.Release|x86.ActiveCfg = Release|Any CPU
		{E3C4F2EC-0E8B-4703-BCEA-B75606F01B7A}.Release|x86.Build.0 = Release|Any CPU
	EndGlobalSection
	GlobalSection(SolutionProperties) = preSolution
		HideSolutionNode = FALSE
	EndGlobalSection
	GlobalSection(ExtensibilityGlobals) = postSolution
		SolutionGuid = {495E36BD-0E50-440A-848F-DB54BD3FBC1B}
	EndGlobalSection
EndGlobal
